
Microsoft Visual Studio Solution File, Format Version 12.00
# Visual Studio Version 17
VisualStudioVersion = 17.0.32014.148
MinimumVisualStudioVersion = 10.0.40219.1
Project("{2150E333-8FDC-42A3-9474-1A3956D46DE8}") = "Services", "Services", "{DFE5739E-3F83-4A6B-8E1C-A680892137BC}"
EndProject
Project("{2150E333-8FDC-42A3-9474-1A3956D46DE8}") = "Catalog", "Catalog", "{D29E10E9-A9C0-410A-A8EA-0F6E259A7C09}"
EndProject
Project("{9A19103F-16F7-4668-BE54-9A1E7A4F7556}") = "Catalog.Api", "Services\Catalog\Catalog.Api\Catalog.Api.csproj", "{20608C5D-94F4-4DDB-B1D9-9B1111E8E080}"
EndProject
Project("{E53339B2-1760-4266-BCC7-CA923CBCF16C}") = "docker-compose", "docker-compose.dcproj", "{6154F810-794C-4B62-95AD-E6A7526D8D5B}"
EndProject
Project("{2150E333-8FDC-42A3-9474-1A3956D46DE8}") = "Basket", "Basket", "{61B86F63-13A3-4306-BD4B-DC230FF01CEB}"
EndProject
Project("{9A19103F-16F7-4668-BE54-9A1E7A4F7556}") = "Basket.Api", "Services\Basket\Basket.Api\Basket.Api.csproj", "{C477B27C-3493-4AF0-BC53-3CF525FFE38C}"
EndProject
Project("{2150E333-8FDC-42A3-9474-1A3956D46DE8}") = "Discount", "Discount", "{BD2F57EB-4248-4EF3-A187-FFBABEA44514}"
EndProject
Project("{9A19103F-16F7-4668-BE54-9A1E7A4F7556}") = "Discount.Api", "Services\Discount\Discount.Api\Discount.Api.csproj", "{91297D2C-0B08-4B91-A1AF-9B0613AFFD60}"
EndProject
Project("{9A19103F-16F7-4668-BE54-9A1E7A4F7556}") = "Discount.Grpc", "Services\Discount\Discount.Grpc\Discount.Grpc.csproj", "{54F95C3A-0DAC-4D16-B1E5-4E45574CA42E}"
EndProject
Global
	GlobalSection(SolutionConfigurationPlatforms) = preSolution
		Debug|Any CPU = Debug|Any CPU
		Release|Any CPU = Release|Any CPU
	EndGlobalSection
	GlobalSection(ProjectConfigurationPlatforms) = postSolution
		{20608C5D-94F4-4DDB-B1D9-9B1111E8E080}.Debug|Any CPU.ActiveCfg = Debug|Any CPU
		{20608C5D-94F4-4DDB-B1D9-9B1111E8E080}.Debug|Any CPU.Build.0 = Debug|Any CPU
		{20608C5D-94F4-4DDB-B1D9-9B1111E8E080}.Release|Any CPU.ActiveCfg = Release|Any CPU
		{20608C5D-94F4-4DDB-B1D9-9B1111E8E080}.Release|Any CPU.Build.0 = Release|Any CPU
		{6154F810-794C-4B62-95AD-E6A7526D8D5B}.Debug|Any CPU.ActiveCfg = Debug|Any CPU
		{6154F810-794C-4B62-95AD-E6A7526D8D5B}.Debug|Any CPU.Build.0 = Debug|Any CPU
		{6154F810-794C-4B62-95AD-E6A7526D8D5B}.Release|Any CPU.ActiveCfg = Release|Any CPU
		{6154F810-794C-4B62-95AD-E6A7526D8D5B}.Release|Any CPU.Build.0 = Release|Any CPU
		{C477B27C-3493-4AF0-BC53-3CF525FFE38C}.Debug|Any CPU.ActiveCfg = Debug|Any CPU
		{C477B27C-3493-4AF0-BC53-3CF525FFE38C}.Debug|Any CPU.Build.0 = Debug|Any CPU
		{C477B27C-3493-4AF0-BC53-3CF525FFE38C}.Release|Any CPU.ActiveCfg = Release|Any CPU
		{C477B27C-3493-4AF0-BC53-3CF525FFE38C}.Release|Any CPU.Build.0 = Release|Any CPU
		{91297D2C-0B08-4B91-A1AF-9B0613AFFD60}.Debug|Any CPU.ActiveCfg = Debug|Any CPU
		{91297D2C-0B08-4B91-A1AF-9B0613AFFD60}.Debug|Any CPU.Build.0 = Debug|Any CPU
		{91297D2C-0B08-4B91-A1AF-9B0613AFFD60}.Release|Any CPU.ActiveCfg = Release|Any CPU
		{91297D2C-0B08-4B91-A1AF-9B0613AFFD60}.Release|Any CPU.Build.0 = Release|Any CPU
		{54F95C3A-0DAC-4D16-B1E5-4E45574CA42E}.Debug|Any CPU.ActiveCfg = Debug|Any CPU
		{54F95C3A-0DAC-4D16-B1E5-4E45574CA42E}.Debug|Any CPU.Build.0 = Debug|Any CPU
		{54F95C3A-0DAC-4D16-B1E5-4E45574CA42E}.Release|Any CPU.ActiveCfg = Release|Any CPU
		{54F95C3A-0DAC-4D16-B1E5-4E45574CA42E}.Release|Any CPU.Build.0 = Release|Any CPU
	EndGlobalSection
	GlobalSection(SolutionProperties) = preSolution
		HideSolutionNode = FALSE
	EndGlobalSection
	GlobalSection(NestedProjects) = preSolution
		{D29E10E9-A9C0-410A-A8EA-0F6E259A7C09} = {DFE5739E-3F83-4A6B-8E1C-A680892137BC}
		{20608C5D-94F4-4DDB-B1D9-9B1111E8E080} = {D29E10E9-A9C0-410A-A8EA-0F6E259A7C09}
		{61B86F63-13A3-4306-BD4B-DC230FF01CEB} = {DFE5739E-3F83-4A6B-8E1C-A680892137BC}
		{C477B27C-3493-4AF0-BC53-3CF525FFE38C} = {61B86F63-13A3-4306-BD4B-DC230FF01CEB}
		{BD2F57EB-4248-4EF3-A187-FFBABEA44514} = {DFE5739E-3F83-4A6B-8E1C-A680892137BC}
		{91297D2C-0B08-4B91-A1AF-9B0613AFFD60} = {BD2F57EB-4248-4EF3-A187-FFBABEA44514}
		{54F95C3A-0DAC-4D16-B1E5-4E45574CA42E} = {BD2F57EB-4248-4EF3-A187-FFBABEA44514}
	EndGlobalSection
	GlobalSection(ExtensibilityGlobals) = postSolution
		SolutionGuid = {D3730362-EA64-4D4F-9875-6242491EE4FD}
	EndGlobalSection
EndGlobal
